
Microsoft Visual Studio Solution File, Format Version 12.00
# Visual Studio Version 17
VisualStudioVersion = 17.0.32002.185
MinimumVisualStudioVersion = 10.0.40219.1
Project("{FAE04EC0-301F-11D3-BF4B-00C04F79EFBC}") = "01-DelegatesAndLambdas", "01-DelegatesAndLambdas.csproj", "{0071E556-2175-4D64-A984-6C6190BE846B}"
EndProject
Global
	GlobalSection(SolutionConfigurationPlatforms) = preSolution
		Debug|Any CPU = Debug|Any CPU
		Release|Any CPU = Release|Any CPU
	EndGlobalSection
	GlobalSection(ProjectConfigurationPlatforms) = postSolution
		{0071E556-2175-4D64-A984-6C6190BE846B}.Debug|Any CPU.ActiveCfg = Debug|Any CPU
		{0071E556-2175-4D64-A984-6C6190BE846B}.Debug|Any CPU.Build.0 = Debug|Any CPU
		{0071E556-2175-4D64-A984-6C6190BE846B}.Release|Any CPU.ActiveCfg = Release|Any CPU
		{0071E556-2175-4D64-A984-6C6190BE846B}.Release|Any CPU.Build.0 = Release|Any CPU
	EndGlobalSection
	GlobalSection(SolutionProperties) = preSolution
		HideSolutionNode = FALSE
	EndGlobalSection
	GlobalSection(ExtensibilityGlobals) = postSolution
		SolutionGuid = {CF2F9E5B-6ECE-4AF9-B0CD-5DCF90506B42}
	EndGlobalSection
EndGlobal
